// !$*UTF8*$!
{
	archiveVersion = 1;
	classes = {
	};
	objectVersion = 46;
	objects = {

/* Begin PBXBuildFile section */
		EFC17A611BB23F10007A7DE6 /* main.m in Sources */ = {isa = PBXBuildFile; fileRef = EFC17A601BB23F10007A7DE6 /* main.m */; };
		EFC17A641BB23F10007A7DE6 /* AppDelegate.m in Sources */ = {isa = PBXBuildFile; fileRef = EFC17A631BB23F10007A7DE6 /* AppDelegate.m */; };
		EFC17A671BB23F10007A7DE6 /* ViewController.m in Sources */ = {isa = PBXBuildFile; fileRef = EFC17A661BB23F10007A7DE6 /* ViewController.m */; };
		EFC17A6A1BB23F10007A7DE6 /* Main.storyboard in Resources */ = {isa = PBXBuildFile; fileRef = EFC17A681BB23F10007A7DE6 /* Main.storyboard */; };
		EFC17A6C1BB23F10007A7DE6 /* Images.xcassets in Resources */ = {isa = PBXBuildFile; fileRef = EFC17A6B1BB23F10007A7DE6 /* Images.xcassets */; };
		EFC17A6F1BB23F10007A7DE6 /* LaunchScreen.xib in Resources */ = {isa = PBXBuildFile; fileRef = EFC17A6D1BB23F10007A7DE6 /* LaunchScreen.xib */; };
		EFC17A7B1BB23F10007A7DE6 /* demoAppDelegateTests.m in Sources */ = {isa = PBXBuildFile; fileRef = EFC17A7A1BB23F10007A7DE6 /* demoAppDelegateTests.m */; };
		EFC17A871BB24B9C007A7DE6 /* newViewController.m in Sources */ = {isa = PBXBuildFile; fileRef = EFC17A861BB24B9C007A7DE6 /* newViewController.m */; };
		EFC17A8A1BB24E8D007A7DE6 /* ChangeController.m in Sources */ = {isa = PBXBuildFile; fileRef = EFC17A891BB24E8D007A7DE6 /* ChangeController.m */; };
/* End PBXBuildFile section */

/* Begin PBXContainerItemProxy section */
		EFC17A751BB23F10007A7DE6 /* PBXContainerItemProxy */ = {
			isa = PBXContainerItemProxy;
			containerPortal = EFC17A531BB23F0F007A7DE6 /* Project object */;
			proxyType = 1;
			remoteGlobalIDString = EFC17A5A1BB23F10007A7DE6;
			remoteInfo = demoAppDelegate;
		};
/* End PBXContainerItemProxy section */

/* Begin PBXFileReference section */
		EFC17A5B1BB23F10007A7DE6 /* demoAppDelegate.app */ = {isa = PBXFileReference; explicitFileType = wrapper.application; includeInIndex = 0; path = demoAppDelegate.app; sourceTree = BUILT_PRODUCTS_DIR; };
		EFC17A5F1BB23F10007A7DE6 /* Info.plist */ = {isa = PBXFileReference; lastKnownFileType = text.plist.xml; path = Info.plist; sourceTree = "<group>"; };
		EFC17A601BB23F10007A7DE6 /* main.m */ = {isa = PBXFileReference; lastKnownFileType = sourcecode.c.objc; path = main.m; sourceTree = "<group>"; };
		EFC17A621BB23F10007A7DE6 /* AppDelegate.h */ = {isa = PBXFileReference; lastKnownFileType = sourcecode.c.h; path = AppDelegate.h; sourceTree = "<group>"; };
		EFC17A631BB23F10007A7DE6 /* AppDelegate.m */ = {isa = PBXFileReference; lastKnownFileType = sourcecode.c.objc; path = AppDelegate.m; sourceTree = "<group>"; };
		EFC17A651BB23F10007A7DE6 /* ViewController.h */ = {isa = PBXFileReference; lastKnownFileType = sourcecode.c.h; path = ViewController.h; sourceTree = "<group>"; };
		EFC17A661BB23F10007A7DE6 /* ViewController.m */ = {isa = PBXFileReference; lastKnownFileType = sourcecode.c.objc; path = ViewController.m; sourceTree = "<group>"; };
		EFC17A691BB23F10007A7DE6 /* Base */ = {isa = PBXFileReference; lastKnownFileType = file.storyboard; name = Base; path = Base.lproj/Main.storyboard; sourceTree = "<group>"; };
		EFC17A6B1BB23F10007A7DE6 /* Images.xcassets */ = {isa = PBXFileReference; lastKnownFileType = folder.assetcatalog; path = Images.xcassets; sourceTree = "<group>"; };
		EFC17A6E1BB23F10007A7DE6 /* Base */ = {isa = PBXFileReference; lastKnownFileType = file.xib; name = Base; path = Base.lproj/LaunchScreen.xib; sourceTree = "<group>"; };
		EFC17A741BB23F10007A7DE6 /* demoAppDelegateTests.xctest */ = {isa = PBXFileReference; explicitFileType = wrapper.cfbundle; includeInIndex = 0; path = demoAppDelegateTests.xctest; sourceTree = BUILT_PRODUCTS_DIR; };
		EFC17A791BB23F10007A7DE6 /* Info.plist */ = {isa = PBXFileReference; lastKnownFileType = text.plist.xml; path = Info.plist; sourceTree = "<group>"; };
		EFC17A7A1BB23F10007A7DE6 /* demoAppDelegateTests.m */ = {isa = PBXFileReference; lastKnownFileType = sourcecode.c.objc; path = demoAppDelegateTests.m; sourceTree = "<group>"; };
		EFC17A851BB24B9C007A7DE6 /* newViewController.h */ = {isa = PBXFileReference; fileEncoding = 4; lastKnownFileType = sourcecode.c.h; path = newViewController.h; sourceTree = "<group>"; };
		EFC17A861BB24B9C007A7DE6 /* newViewController.m */ = {isa = PBXFileReference; fileEncoding = 4; lastKnownFileType = sourcecode.c.objc; path = newViewController.m; sourceTree = "<group>"; };
		EFC17A881BB24E8D007A7DE6 /* ChangeController.h */ = {isa = PBXFileReference; fileEncoding = 4; lastKnownFileType = sourcecode.c.h; path = ChangeController.h; sourceTree = "<group>"; };
		EFC17A891BB24E8D007A7DE6 /* ChangeController.m */ = {isa = PBXFileReference; fileEncoding = 4; lastKnownFileType = sourcecode.c.objc; path = ChangeController.m; sourceTree = "<group>"; };
/* End PBXFileReference section */

/* Begin PBXFrameworksBuildPhase section */
		EFC17A581BB23F10007A7DE6 /* Frameworks */ = {
			isa = PBXFrameworksBuildPhase;
			buildActionMask = 2147483647;
			files = (
			);
			runOnlyForDeploymentPostprocessing = 0;
		};
		EFC17A711BB23F10007A7DE6 /* Frameworks */ = {
			isa = PBXFrameworksBuildPhase;
			buildActionMask = 2147483647;
			files = (
			);
			runOnlyForDeploymentPostprocessing = 0;
		};
/* End PBXFrameworksBuildPhase section */

/* Begin PBXGroup section */
		EFC17A521BB23F0F007A7DE6 = {
			isa = PBXGroup;
			children = (
				EFC17A5D1BB23F10007A7DE6 /* demoAppDelegate */,
				EFC17A771BB23F10007A7DE6 /* demoAppDelegateTests */,
				EFC17A5C1BB23F10007A7DE6 /* Products */,
			);
			sourceTree = "<group>";
		};
		EFC17A5C1BB23F10007A7DE6 /* Products */ = {
			isa = PBXGroup;
			children = (
				EFC17A5B1BB23F10007A7DE6 /* demoAppDelegate.app */,
				EFC17A741BB23F10007A7DE6 /* demoAppDelegateTests.xctest */,
			);
			name = Products;
			sourceTree = "<group>";
		};
		EFC17A5D1BB23F10007A7DE6 /* demoAppDelegate */ = {
			isa = PBXGroup;
			children = (
				EFC17A621BB23F10007A7DE6 /* AppDelegate.h */,
				EFC17A631BB23F10007A7DE6 /* AppDelegate.m */,
				EFC17A651BB23F10007A7DE6 /* ViewController.h */,
				EFC17A661BB23F10007A7DE6 /* ViewController.m */,
				EFC17A851BB24B9C007A7DE6 /* newViewController.h */,
				EFC17A861BB24B9C007A7DE6 /* newViewController.m */,
				EFC17A881BB24E8D007A7DE6 /* ChangeController.h */,
				EFC17A891BB24E8D007A7DE6 /* ChangeController.m */,
				EFC17A681BB23F10007A7DE6 /* Main.storyboard */,
				EFC17A6B1BB23F10007A7DE6 /* Images.xcassets */,
				EFC17A6D1BB23F10007A7DE6 /* LaunchScreen.xib */,
				EFC17A5E1BB23F10007A7DE6 /* Supporting Files */,
			);
			path = demoAppDelegate;
			sourceTree = "<group>";
		};
		EFC17A5E1BB23F10007A7DE6 /* Supporting Files */ = {
			isa = PBXGroup;
			children = (
				EFC17A5F1BB23F10007A7DE6 /* Info.plist */,
				EFC17A601BB23F10007A7DE6 /* main.m */,
			);
			name = "Supporting Files";
			sourceTree = "<group>";
		};
		EFC17A771BB23F10007A7DE6 /* demoAppDelegateTests */ = {
			isa = PBXGroup;
			children = (
				EFC17A7A1BB23F10007A7DE6 /* demoAppDelegateTests.m */,
				EFC17A781BB23F10007A7DE6 /* Supporting Files */,
			);
			path = demoAppDelegateTests;
			sourceTree = "<group>";
		};
		EFC17A781BB23F10007A7DE6 /* Supporting Files */ = {
			isa = PBXGroup;
			children = (
				EFC17A791BB23F10007A7DE6 /* Info.plist */,
			);
			name = "Supporting Files";
			sourceTree = "<group>";
		};
/* End PBXGroup section */

/* Begin PBXNativeTarget section */
		EFC17A5A1BB23F10007A7DE6 /* demoAppDelegate */ = {
			isa = PBXNativeTarget;
			buildConfigurationList = EFC17A7E1BB23F10007A7DE6 /* Build configuration list for PBXNativeTarget "demoAppDelegate" */;
			buildPhases = (
				EFC17A571BB23F10007A7DE6 /* Sources */,
				EFC17A581BB23F10007A7DE6 /* Frameworks */,
				EFC17A591BB23F10007A7DE6 /* Resources */,
			);
			buildRules = (
			);
			dependencies = (
			);
			name = demoAppDelegate;
			productName = demoAppDelegate;
			productReference = EFC17A5B1BB23F10007A7DE6 /* demoAppDelegate.app */;
			productType = "com.apple.product-type.application";
		};
		EFC17A731BB23F10007A7DE6 /* demoAppDelegateTests */ = {
			isa = PBXNativeTarget;
			buildConfigurationList = EFC17A811BB23F10007A7DE6 /* Build configuration list for PBXNativeTarget "demoAppDelegateTests" */;
			buildPhases = (
				EFC17A701BB23F10007A7DE6 /* Sources */,
				EFC17A711BB23F10007A7DE6 /* Frameworks */,
				EFC17A721BB23F10007A7DE6 /* Resources */,
			);
			buildRules = (
			);
			dependencies = (
				EFC17A761BB23F10007A7DE6 /* PBXTargetDependency */,
			);
			name = demoAppDelegateTests;
			productName = demoAppDelegateTests;
			productReference = EFC17A741BB23F10007A7DE6 /* demoAppDelegateTests.xctest */;
			productType = "com.apple.product-type.bundle.unit-test";
		};
/* End PBXNativeTarget section */

/* Begin PBXProject section */
		EFC17A531BB23F0F007A7DE6 /* Project object */ = {
			isa = PBXProject;
			attributes = {
				LastUpgradeCheck = 0640;
				ORGANIZATIONNAME = "Văn Tiến Tú";
				TargetAttributes = {
					EFC17A5A1BB23F10007A7DE6 = {
						CreatedOnToolsVersion = 6.4;
					};
					EFC17A731BB23F10007A7DE6 = {
						CreatedOnToolsVersion = 6.4;
						TestTargetID = EFC17A5A1BB23F10007A7DE6;
					};
				};
			};
			buildConfigurationList = EFC17A561BB23F0F007A7DE6 /* Build configuration list for PBXProject "demoAppDelegate" */;
			compatibilityVersion = "Xcode 3.2";
			developmentRegion = English;
			hasScannedForEncodings = 0;
			knownRegions = (
				en,
				Base,
			);
			mainGroup = EFC17A521BB23F0F007A7DE6;
			productRefGroup = EFC17A5C1BB23F10007A7DE6 /* Products */;
			projectDirPath = "";
			projectRoot = "";
			targets = (
				EFC17A5A1BB23F10007A7DE6 /* demoAppDelegate */,
				EFC17A731BB23F10007A7DE6 /* demoAppDelegateTests */,
			);
		};
/* End PBXProject section */

/* Begin PBXResourcesBuildPhase section */
		EFC17A591BB23F10007A7DE6 /* Resources */ = {
			isa = PBXResourcesBuildPhase;
			buildActionMask = 2147483647;
			files = (
				EFC17A6A1BB23F10007A7DE6 /* Main.storyboard in Resources */,
				EFC17A6F1BB23F10007A7DE6 /* LaunchScreen.xib in Resources */,
				EFC17A6C1BB23F10007A7DE6 /* Images.xcassets in Resources */,
			);
			runOnlyForDeploymentPostprocessing = 0;
		};
		EFC17A721BB23F10007A7DE6 /* Resources */ = {
			isa = PBXResourcesBuildPhase;
			buildActionMask = 2147483647;
			files = (
			);
			runOnlyForDeploymentPostprocessing = 0;
		};
/* End PBXResourcesBuildPhase section */

/* Begin PBXSourcesBuildPhase section */
		EFC17A571BB23F10007A7DE6 /* Sources */ = {
			isa = PBXSourcesBuildPhase;
			buildActionMask = 2147483647;
			files = (
				EFC17A671BB23F10007A7DE6 /* ViewController.m in Sources */,
				EFC17A641BB23F10007A7DE6 /* AppDelegate.m in Sources */,
				EFC17A8A1BB24E8D007A7DE6 /* ChangeController.m in Sources */,
				EFC17A611BB23F10007A7DE6 /* main.m in Sources */,
				EFC17A871BB24B9C007A7DE6 /* newViewController.m in Sources */,
			);
			runOnlyForDeploymentPostprocessing = 0;
		};
		EFC17A701BB23F10007A7DE6 /* Sources */ = {
			isa = PBXSourcesBuildPhase;
			buildActionMask = 2147483647;
			files = (
				EFC17A7B1BB23F10007A7DE6 /* demoAppDelegateTests.m in Sources */,
			);
			runOnlyForDeploymentPostprocessing = 0;
		};
/* End PBXSourcesBuildPhase section */

/* Begin PBXTargetDependency section */
		EFC17A761BB23F10007A7DE6 /* PBXTargetDependency */ = {
			isa = PBXTargetDependency;
			target = EFC17A5A1BB23F10007A7DE6 /* demoAppDelegate */;
			targetProxy = EFC17A751BB23F10007A7DE6 /* PBXContainerItemProxy */;
		};
/* End PBXTargetDependency section */

/* Begin PBXVariantGroup section */
		EFC17A681BB23F10007A7DE6 /* Main.storyboard */ = {
			isa = PBXVariantGroup;
			children = (
				EFC17A691BB23F10007A7DE6 /* Base */,
			);
			name = Main.storyboard;
			sourceTree = "<group>";
		};
		EFC17A6D1BB23F10007A7DE6 /* LaunchScreen.xib */ = {
			isa = PBXVariantGroup;
			children = (
				EFC17A6E1BB23F10007A7DE6 /* Base */,
			);
			name = LaunchScreen.xib;
			sourceTree = "<group>";
		};
/* End PBXVariantGroup section */

/* Begin XCBuildConfiguration section */
		EFC17A7C1BB23F10007A7DE6 /* Debug */ = {
			isa = XCBuildConfiguration;
			buildSettings = {
				ALWAYS_SEARCH_USER_PATHS = NO;
				CLANG_CXX_LANGUAGE_STANDARD = "gnu++0x";
				CLANG_CXX_LIBRARY = "libc++";
				CLANG_ENABLE_MODULES = YES;
				CLANG_ENABLE_OBJC_ARC = YES;
				CLANG_WARN_BOOL_CONVERSION = YES;
				CLANG_WARN_CONSTANT_CONVERSION = YES;
				CLANG_WARN_DIRECT_OBJC_ISA_USAGE = YES_ERROR;
				CLANG_WARN_EMPTY_BODY = YES;
				CLANG_WARN_ENUM_CONVERSION = YES;
				CLANG_WARN_INT_CONVERSION = YES;
				CLANG_WARN_OBJC_ROOT_CLASS = YES_ERROR;
				CLANG_WARN_UNREACHABLE_CODE = YES;
				CLANG_WARN__DUPLICATE_METHOD_MATCH = YES;
				"CODE_SIGN_IDENTITY[sdk=iphoneos*]" = "iPhone Developer";
				COPY_PHASE_STRIP = NO;
				DEBUG_INFORMATION_FORMAT = "dwarf-with-dsym";
				ENABLE_STRICT_OBJC_MSGSEND = YES;
				GCC_C_LANGUAGE_STANDARD = gnu99;
				GCC_DYNAMIC_NO_PIC = NO;
				GCC_NO_COMMON_BLOCKS = YES;
				GCC_OPTIMIZATION_LEVEL = 0;
				GCC_PREPROCESSOR_DEFINITIONS = (
					"DEBUG=1",
					"$(inherited)",
				);
				GCC_SYMBOLS_PRIVATE_EXTERN = NO;
				GCC_WARN_64_TO_32_BIT_CONVERSION = YES;
				GCC_WARN_ABOUT_RETURN_TYPE = YES_ERROR;
				GCC_WARN_UNDECLARED_SELECTOR = YES;
				GCC_WARN_UNINITIALIZED_AUTOS = YES_AGGRESSIVE;
				GCC_WARN_UNUSED_FUNCTION = YES;
				GCC_WARN_UNUSED_VARIABLE = YES;
				IPHONEOS_DEPLOYMENT_TARGET = 8.4;
				MTL_ENABLE_DEBUG_INFO = YES;
				ONLY_ACTIVE_ARCH = YES;
				SDKROOT = iphoneos;
			};
			name = Debug;
		};
		EFC17A7D1BB23F10007A7DE6 /* Release */ = {
			isa = XCBuildConfiguration;
			buildSettings = {
				ALWAYS_SEARCH_USER_PATHS = NO;
				CLANG_CXX_LANGUAGE_STANDARD = "gnu++0x";
				CLANG_CXX_LIBRARY = "libc++";
				CLANG_ENABLE_MODULES = YES;
				CLANG_ENABLE_OBJC_ARC = YES;
				CLANG_WARN_BOOL_CONVERSION = YES;
				CLANG_WARN_CONSTANT_CONVERSION = YES;
				CLANG_WARN_DIRECT_OBJC_ISA_USAGE = YES_ERROR;
				CLANG_WARN_EMPTY_BODY = YES;
				CLANG_WARN_ENUM_CONVERSION = YES;
				CLANG_WARN_INT_CONVERSION = YES;
				CLANG_WARN_OBJC_ROOT_CLASS = YES_ERROR;
				CLANG_WARN_UNREACHABLE_CODE = YES;
				CLANG_WARN__DUPLICATE_METHOD_MATCH = YES;
				"CODE_SIGN_IDENTITY[sdk=iphoneos*]" = "iPhone Developer";
				COPY_PHASE_STRIP = NO;
				DEBUG_INFORMATION_FORMAT = "dwarf-with-dsym";
				ENABLE_NS_ASSERTIONS = NO;
				ENABLE_STRICT_OBJC_MSGSEND = YES;
				GCC_C_LANGUAGE_STANDARD = gnu99;
				GCC_NO_COMMON_BLOCKS = YES;
				GCC_WARN_64_TO_32_BIT_CONVERSION = YES;
				GCC_WARN_ABOUT_RETURN_TYPE = YES_ERROR;
				GCC_WARN_UNDECLARED_SELECTOR = YES;
				GCC_WARN_UNINITIALIZED_AUTOS = YES_AGGRESSIVE;
				GCC_WARN_UNUSED_FUNCTION = YES;
				GCC_WARN_UNUSED_VARIABLE = YES;
				IPHONEOS_DEPLOYMENT_TARGET = 8.4;
				MTL_ENABLE_DEBUG_INFO = NO;
				SDKROOT = iphoneos;
				VALIDATE_PRODUCT = YES;
			};
			name = Release;
		};
		EFC17A7F1BB23F10007A7DE6 /* Debug */ = {
			isa = XCBuildConfiguration;
			buildSettings = {
				ASSETCATALOG_COMPILER_APPICON_NAME = AppIcon;
				INFOPLIST_FILE = demoAppDelegate/Info.plist;
				IPHONEOS_DEPLOYMENT_TARGET = 8.3;
				LD_RUNPATH_SEARCH_PATHS = "$(inherited) @executable_path/Frameworks";
				PRODUCT_NAME = "$(TARGET_NAME)";
			};
			name = Debug;
		};
		EFC17A801BB23F10007A7DE6 /* Release */ = {
			isa = XCBuildConfiguration;
			buildSettings = {
				ASSETCATALOG_COMPILER_APPICON_NAME = AppIcon;
				INFOPLIST_FILE = demoAppDelegate/Info.plist;
				IPHONEOS_DEPLOYMENT_TARGET = 8.3;
				LD_RUNPATH_SEARCH_PATHS = "$(inherited) @executable_path/Frameworks";
				PRODUCT_NAME = "$(TARGET_NAME)";
			};
			name = Release;
		};
		EFC17A821BB23F10007A7DE6 /* Debug */ = {
			isa = XCBuildConfiguration;
			buildSettings = {
				BUNDLE_LOADER = "$(TEST_HOST)";
				FRAMEWORK_SEARCH_PATHS = (
					"$(SDKROOT)/Developer/Library/Frameworks",
					"$(inherited)",
				);
				GCC_PREPROCESSOR_DEFINITIONS = (
					"DEBUG=1",
					"$(inherited)",
				);
				INFOPLIST_FILE = demoAppDelegateTests/Info.plist;
				LD_RUNPATH_SEARCH_PATHS = "$(inherited) @executable_path/Frameworks @loader_path/Frameworks";
				PRODUCT_NAME = "$(TARGET_NAME)";
				TEST_HOST = "$(BUILT_PRODUCTS_DIR)/demoAppDelegate.app/demoAppDelegate";
			};
			name = Debug;
		};
		EFC17A831BB23F10007A7DE6 /* Release */ = {
			isa = XCBuildConfiguration;
			buildSettings = {
				BUNDLE_LOADER = "$(TEST_HOST)";
				FRAMEWORK_SEARCH_PATHS = (
					"$(SDKROOT)/Developer/Library/Frameworks",
					"$(inherited)",
				);
				INFOPLIST_FILE = demoAppDelegateTests/Info.plist;
				LD_RUNPATH_SEARCH_PATHS = "$(inherited) @executable_path/Frameworks @loader_path/Frameworks";
				PRODUCT_NAME = "$(TARGET_NAME)";
				TEST_HOST = "$(BUILT_PRODUCTS_DIR)/demoAppDelegate.app/demoAppDelegate";
			};
			name = Release;
		};
/* End XCBuildConfiguration section */

/* Begin XCConfigurationList section */
		EFC17A561BB23F0F007A7DE6 /* Build configuration list for PBXProject "demoAppDelegate" */ = {
			isa = XCConfigurationList;
			buildConfigurations = (
				EFC17A7C1BB23F10007A7DE6 /* Debug */,
				EFC17A7D1BB23F10007A7DE6 /* Release */,
			);
			defaultConfigurationIsVisible = 0;
			defaultConfigurationName = Release;
		};
		EFC17A7E1BB23F10007A7DE6 /* Build configuration list for PBXNativeTarget "demoAppDelegate" */ = {
			isa = XCConfigurationList;
			buildConfigurations = (
				EFC17A7F1BB23F10007A7DE6 /* Debug */,
				EFC17A801BB23F10007A7DE6 /* Release */,
			);
			defaultConfigurationIsVisible = 0;
			defaultConfigurationName = Release;
		};
		EFC17A811BB23F10007A7DE6 /* Build configuration list for PBXNativeTarget "demoAppDelegateTests" */ = {
			isa = XCConfigurationList;
			buildConfigurations = (
				EFC17A821BB23F10007A7DE6 /* Debug */,
				EFC17A831BB23F10007A7DE6 /* Release */,
			);
			defaultConfigurationIsVisible = 0;
			defaultConfigurationName = Release;
		};
/* End XCConfigurationList section */
	};
	rootObject = EFC17A531BB23F0F007A7DE6 /* Project object */;
}
